# This file is automatically @generated by Cargo.
# It is not intended for manual editing.
version = 4

[[package]]
name = "afnative"
version = "0.1.0"

[[package]]
name = "aomlib"
version = "0.1.0"
dependencies = [
 "mmor",
 "mrevise",
 "server",
]

[[package]]
name = "client"
version = "0.1.0"
dependencies = [
 "afnative",
 "server",
]

[[package]]
name = "ctor"
version = "0.4.3"
source = "registry+https://github.com/rust-lang/crates.io-index"
checksum = "ec09e802f5081de6157da9a75701d6c713d8dc3ba52571fd4bd25f412644e8a6"
dependencies = [
 "ctor-proc-macro",
 "dtor",
]

[[package]]
name = "ctor-proc-macro"
version = "0.0.6"
source = "registry+https://github.com/rust-lang/crates.io-index"
checksum = "e2931af7e13dc045d8e9d26afccc6fa115d64e115c9c84b1166288b46f6782c2"

[[package]]
name = "dlrkit"
version = "0.1.0"
dependencies = [
 "example-lib",
]

[[package]]
name = "dtor"
version = "0.0.6"
source = "registry+https://github.com/rust-lang/crates.io-index"
checksum = "97cbdf2ad6846025e8e25df05171abfb30e3ababa12ee0a0e44b9bbe570633a8"
dependencies = [
 "dtor-proc-macro",
]

[[package]]
name = "dtor-proc-macro"
version = "0.0.5"
source = "registry+https://github.com/rust-lang/crates.io-index"
checksum = "7454e41ff9012c00d53cf7f475c5e3afa3b91b7c90568495495e8d9bf47a1055"

[[package]]
name = "example-lib"
version = "0.1.0"

[[package]]
name = "hermit-abi"
version = "0.5.2"
source = "registry+https://github.com/rust-lang/crates.io-index"
checksum = "fc0fef456e4baa96da950455cd02c081ca953b141298e41db3fc7e36b1da849c"

[[package]]
name = "lazy_static"
version = "1.5.0"
source = "registry+https://github.com/rust-lang/crates.io-index"
checksum = "bbd2bcb4c963f2ddae06a2efc7e9f3591312473c50c6685e1f298068316e66fe"
dependencies = [
 "spin",
]

[[package]]
name = "libc"
version = "0.2.175"
source = "registry+https://github.com/rust-lang/crates.io-index"
checksum = "6a82ae493e598baaea5209805c49bbf2ea7de956d50d7da0da1164f9c6d28543"

[[package]]
name = "libcproxy"
version = "0.1.0"
dependencies = [
 "ctor",
 "dlrkit",
 "mmor",
 "mrevise",
 "rsbmalloc",
]

[[package]]
name = "mmor"
version = "0.1.0"
dependencies = [
 "dlrkit",
 "libc",
]

[[package]]
name = "mrevise"
version = "0.1.0"

[[package]]
name = "num_cpus"
version = "1.17.0"
source = "registry+https://github.com/rust-lang/crates.io-index"
checksum = "91df4bbde75afed763b708b7eee1e8e7651e02d97f6d5dd763e89367e957b23b"
dependencies = [
 "hermit-abi",
 "libc",
]

[[package]]
name = "once_cell"
version = "1.21.4"
source = "registry+https://github.com/rust-lang/crates.io-index"
checksum = "9f7c3e4beb33f85d45ae3e3a1792185706c8e16d043238c593331cc7cd313b50"

[[package]]
name = "rsbmalloc"
version = "0.4.4"
source = "registry+https://github.com/rust-lang/crates.io-index"
checksum = "6a9135b38f3a945030f98bc68c7c674af39199e7146a3f94cd4acd10067df723"
dependencies = [
 "lazy_static",
 "libc",
 "num_cpus",
 "once_cell",
 "spin",
]

[[package]]
name = "server"
version = "0.1.0"
dependencies = [
 "afnative",
]

[[package]]
name = "spin"
version = "0.9.8"
source = "registry+https://github.com/rust-lang/crates.io-index"
checksum = "6980e8d7511241f8acf4aebddbb1ff938df5eebe98691418c4468d0b72a96a67"
