# This file is automatically @generated by Cargo.
# It is not intended for manual editing.
version = 4

[[package]]
name = "ctor"
version = "0.4.1"
source = "registry+https://github.com/rust-lang/crates.io-index"
checksum = "07e9666f4a9a948d4f1dff0c08a4512b0f7c86414b23960104c243c10d79f4c3"
dependencies = [
 "ctor-proc-macro",
 "dtor",
]

[[package]]
name = "ctor-proc-macro"
version = "0.0.5"
source = "registry+https://github.com/rust-lang/crates.io-index"
checksum = "4f211af61d8efdd104f96e57adf5e426ba1bc3ed7a4ead616e15e5881fd79c4d"

[[package]]
name = "dtor"
version = "0.0.5"
source = "registry+https://github.com/rust-lang/crates.io-index"
checksum = "222ef136a1c687d4aa0395c175f2c4586e379924c352fd02f7870cf7de783c23"
dependencies = [
 "dtor-proc-macro",
]

[[package]]
name = "dtor-proc-macro"
version = "0.0.5"
source = "registry+https://github.com/rust-lang/crates.io-index"
checksum = "7454e41ff9012c00d53cf7f475c5e3afa3b91b7c90568495495e8d9bf47a1055"

[[package]]
name = "xlibgib"
version = "0.1.0"
dependencies = [
 "ctor",
]
